PODS:
  - AFNetworking (3.2.1):
    - AFNetworking/NSURLSession (= 3.2.1)
    - AFNetworking/Reachability (= 3.2.1)
    - AFNetworking/Security (= 3.2.1)
    - AFNetworking/Serialization (= 3.2.1)
    - AFNetworking/UIKit (= 3.2.1)
  - AFNetworking/NSURLSession (3.2.1):
    - AFNetworking/Reachability
    - AFNetworking/Security
    - AFNetworking/Serialization
  - AFNetworking/Reachability (3.2.1)
  - AFNetworking/Security (3.2.1)
  - AFNetworking/Serialization (3.2.1)
  - AFNetworking/UIKit (3.2.1):
    - AFNetworking/NSURLSession
  - Bugly (2.5.0)
  - DACircularProgress (2.3.1)
  - EaseUI (3.4.2):
    - Hyphenate (~> 3.4.2)
    - MJRefresh (~> 3.1.0)
    - MWPhotoBrowser (~> 2.1.1)
  - Hyphenate (3.4.3)
  - MBProgressHUD (0.9.2)
  - MJRefresh (3.1.15.7)
  - MWPhotoBrowser (2.1.2):
    - DACircularProgress (~> 2.3)
    - MBProgressHUD (~> 0.9)
    - "SDWebImage (!= 3.7.2, ~> 3.7)"
  - SDWebImage (3.8.2):
    - SDWebImage/Core (= 3.8.2)
  - SDWebImage/Core (3.8.2)
  - YYKit (1.0.9):
    - YYKit/no-arc (= 1.0.9)
  - YYKit/no-arc (1.0.9)

DEPENDENCIES:
  - AFNetworking (~> 3.2.1)
  - Bugly (~> 2.5.0)
  - EaseUI (from `https://github.com/easemob/easeui-ios-hyphenate-cocoapods.git`, tag `3.4.2`)
  - Hyphenate
  - YYKit

SPEC REPOS:
  https://github.com/cocoapods/specs.git:
    - AFNetworking
    - Bugly
    - DACircularProgress
    - Hyphenate
    - MBProgressHUD
    - MJRefresh
    - MWPhotoBrowser
    - SDWebImage
    - YYKit

EXTERNAL SOURCES:
  EaseUI:
    :git: https://github.com/easemob/easeui-ios-hyphenate-cocoapods.git
    :tag: 3.4.2

CHECKOUT OPTIONS:
  EaseUI:
    :git: https://github.com/easemob/easeui-ios-hyphenate-cocoapods.git
    :tag: 3.4.2

SPEC CHECKSUMS:
  AFNetworking: b6f891fdfaed196b46c7a83cf209e09697b94057
  Bugly: 3ca9f255c01025582df26f9222893b383c7e4b4e
  DACircularProgress: 4dd437c0fc3da5161cb289e07ac449493d41db71
  EaseUI: f2c232107d164eb43d33f4fd9b6915d1dfb28c7e
  Hyphenate: 25481379f376625823f21b91f6bbde44bb2a2e01
  MBProgressHUD: 1569cf7ace17a8bac47aabfbb8580a49690386d1
  MJRefresh: 697f8ec75ebdbe9207767bb682cf0f51b0d8a41f
  MWPhotoBrowser: 5836d7aa041dc05a13de380c246826578adc5ea5
  SDWebImage: 098e97e6176540799c27e804c96653ee0833d13c
  YYKit: 7cda43304a8dc3696c449041e2cb3107b4e236e7

PODFILE CHECKSUM: 916fa95e5f27c6dc5ac8af1f2a54ef21b5c84899

COCOAPODS: 1.5.3
