// !$*UTF8*$!
{
	archiveVersion = 1;
	classes = {
	};
	objectVersion = 50;
	objects = {

/* Begin PBXBuildFile section */
		416C61BC4138B47DA7EA3562 /* libPods-ChatDemo.a in Frameworks */ = {isa = PBXBuildFile; fileRef = B6A45E382108469C957ECD24 /* libPods-ChatDemo.a */; };
		67A3404D17ACE896C25A27CD /* libPods-ChatDemoTests.a in Frameworks */ = {isa = PBXBuildFile; fileRef = 459095B8C908038D610B288B /* libPods-ChatDemoTests.a */; };
		DF2A65850DD9AC02D865F70B /* libPods-ChatDemoUITests.a in Frameworks */ = {isa = PBXBuildFile; fileRef = C373300F004497A6E6EB5C47 /* libPods-ChatDemoUITests.a */; };
		FC0401CC21A3F07700F75F1C /* AppDelegate.m in Sources */ = {isa = PBXBuildFile; fileRef = FC0401CB21A3F07700F75F1C /* AppDelegate.m */; };
		FC0401D221A3F07700F75F1C /* Main.storyboard in Resources */ = {isa = PBXBuildFile; fileRef = FC0401D021A3F07700F75F1C /* Main.storyboard */; };
		FC0401D421A3F07800F75F1C /* Assets.xcassets in Resources */ = {isa = PBXBuildFile; fileRef = FC0401D321A3F07800F75F1C /* Assets.xcassets */; };
		FC0401D721A3F07800F75F1C /* LaunchScreen.storyboard in Resources */ = {isa = PBXBuildFile; fileRef = FC0401D521A3F07800F75F1C /* LaunchScreen.storyboard */; };
		FC0401DA21A3F07800F75F1C /* main.m in Sources */ = {isa = PBXBuildFile; fileRef = FC0401D921A3F07800F75F1C /* main.m */; };
		FC0401E421A3F07800F75F1C /* ChatDemoTests.m in Sources */ = {isa = PBXBuildFile; fileRef = FC0401E321A3F07800F75F1C /* ChatDemoTests.m */; };
		FC0401EF21A3F07800F75F1C /* ChatDemoUITests.m in Sources */ = {isa = PBXBuildFile; fileRef = FC0401EE21A3F07800F75F1C /* ChatDemoUITests.m */; };
		FC04021021A4018600F75F1C /* QuickTools.m in Sources */ = {isa = PBXBuildFile; fileRef = FC04020721A4018500F75F1C /* QuickTools.m */; };
		FC04021121A4018600F75F1C /* FPSLabel.m in Sources */ = {isa = PBXBuildFile; fileRef = FC04020A21A4018500F75F1C /* FPSLabel.m */; };
		FC04021221A4018600F75F1C /* EMClientManage.m in Sources */ = {isa = PBXBuildFile; fileRef = FC04020E21A4018600F75F1C /* EMClientManage.m */; };
		FC04021321A4018600F75F1C /* MBPManage.m in Sources */ = {isa = PBXBuildFile; fileRef = FC04020F21A4018600F75F1C /* MBPManage.m */; };
		FC04021721A4021500F75F1C /* UITabBar+Badge.m in Sources */ = {isa = PBXBuildFile; fileRef = FC04021621A4021500F75F1C /* UITabBar+Badge.m */; };
		FC04021C21A4030800F75F1C /* TabBarVC.m in Sources */ = {isa = PBXBuildFile; fileRef = FC04021821A4030700F75F1C /* TabBarVC.m */; };
		FC04021D21A4030800F75F1C /* BaseVC.m in Sources */ = {isa = PBXBuildFile; fileRef = FC04021A21A4030700F75F1C /* BaseVC.m */; };
		FC04022021A403BA00F75F1C /* LocalNotificationManage.m in Sources */ = {isa = PBXBuildFile; fileRef = FC04021E21A403BA00F75F1C /* LocalNotificationManage.m */; };
		FC04022321A4040100F75F1C /* ChatListVC.m in Sources */ = {isa = PBXBuildFile; fileRef = FC04022221A4040100F75F1C /* ChatListVC.m */; };
		FC04022621A4041E00F75F1C /* ChatVC.m in Sources */ = {isa = PBXBuildFile; fileRef = FC04022521A4041E00F75F1C /* ChatVC.m */; };
		FC04022921A404FA00F75F1C /* ContactListVC.m in Sources */ = {isa = PBXBuildFile; fileRef = FC04022821A404FA00F75F1C /* ContactListVC.m */; };
		FC04022C21A4052000F75F1C /* SettingVC.m in Sources */ = {isa = PBXBuildFile; fileRef = FC04022B21A4052000F75F1C /* SettingVC.m */; };
		FC04022F21A4053800F75F1C /* LoginVC.m in Sources */ = {isa = PBXBuildFile; fileRef = FC04022E21A4053800F75F1C /* LoginVC.m */; };
		FC04023221A4590900F75F1C /* AddFriendVC.m in Sources */ = {isa = PBXBuildFile; fileRef = FC04023121A4590900F75F1C /* AddFriendVC.m */; };
		FC18D38621A9920400562113 /* GroupMemberManageVCModel.m in Sources */ = {isa = PBXBuildFile; fileRef = FC18D38521A9920400562113 /* GroupMemberManageVCModel.m */; };
		FCDE8AB721A69435006D556B /* Network.m in Sources */ = {isa = PBXBuildFile; fileRef = FCDE8AB621A69435006D556B /* Network.m */; };
		FCDE8ABA21A6A610006D556B /* AddGroupVC.m in Sources */ = {isa = PBXBuildFile; fileRef = FCDE8AB921A6A610006D556B /* AddGroupVC.m */; };
		FCDE8ABD21A6B407006D556B /* GroupManageVC.m in Sources */ = {isa = PBXBuildFile; fileRef = FCDE8ABC21A6B407006D556B /* GroupManageVC.m */; };
		FCDE8AC021A6EAB5006D556B /* GroupMemberManageVC.m in Sources */ = {isa = PBXBuildFile; fileRef = FCDE8ABF21A6EAB5006D556B /* GroupMemberManageVC.m */; };
		FCDE8AC321A6F1DF006D556B /* PersonInfo.m in Sources */ = {isa = PBXBuildFile; fileRef = FCDE8AC121A6F1DF006D556B /* PersonInfo.m */; };
/* End PBXBuildFile section */

/* Begin PBXContainerItemProxy section */
		FC0401E021A3F07800F75F1C /* PBXContainerItemProxy */ = {
			isa = PBXContainerItemProxy;
			containerPortal = FC0401BF21A3F07700F75F1C /* Project object */;
			proxyType = 1;
			remoteGlobalIDString = FC0401C621A3F07700F75F1C;
			remoteInfo = ChatDemo;
		};
		FC0401EB21A3F07800F75F1C /* PBXContainerItemProxy */ = {
			isa = PBXContainerItemProxy;
			containerPortal = FC0401BF21A3F07700F75F1C /* Project object */;
			proxyType = 1;
			remoteGlobalIDString = FC0401C621A3F07700F75F1C;
			remoteInfo = ChatDemo;
		};
/* End PBXContainerItemProxy section */

/* Begin PBXFileReference section */
		459095B8C908038D610B288B /* libPods-ChatDemoTests.a */ = {isa = PBXFileReference; explicitFileType = archive.ar; includeInIndex = 0; path = "libPods-ChatDemoTests.a"; sourceTree = BUILT_PRODUCTS_DIR; };
		49564C8D3773D8B500B2E078 /* Pods-ChatDemo.debug.xcconfig */ = {isa = PBXFileReference; includeInIndex = 1; lastKnownFileType = text.xcconfig; name = "Pods-ChatDemo.debug.xcconfig"; path = "Pods/Target Support Files/Pods-ChatDemo/Pods-ChatDemo.debug.xcconfig"; sourceTree = "<group>"; };
		599DE015B4D221B9E2CA8F33 /* Pods-ChatDemo.release.xcconfig */ = {isa = PBXFileReference; includeInIndex = 1; lastKnownFileType = text.xcconfig; name = "Pods-ChatDemo.release.xcconfig"; path = "Pods/Target Support Files/Pods-ChatDemo/Pods-ChatDemo.release.xcconfig"; sourceTree = "<group>"; };
		6768A1AC8CC83EFEAA6945B8 /* Pods-ChatDemoTests.debug.xcconfig */ = {isa = PBXFileReference; includeInIndex = 1; lastKnownFileType = text.xcconfig; name = "Pods-ChatDemoTests.debug.xcconfig"; path = "Pods/Target Support Files/Pods-ChatDemoTests/Pods-ChatDemoTests.debug.xcconfig"; sourceTree = "<group>"; };
		AC0ADE00C75E69BA598AC269 /* Pods-ChatDemoUITests.release.xcconfig */ = {isa = PBXFileReference; includeInIndex = 1; lastKnownFileType = text.xcconfig; name = "Pods-ChatDemoUITests.release.xcconfig"; path = "Pods/Target Support Files/Pods-ChatDemoUITests/Pods-ChatDemoUITests.release.xcconfig"; sourceTree = "<group>"; };
		B6A45E382108469C957ECD24 /* libPods-ChatDemo.a */ = {isa = PBXFileReference; explicitFileType = archive.ar; includeInIndex = 0; path = "libPods-ChatDemo.a"; sourceTree = BUILT_PRODUCTS_DIR; };
		B6BDB8FD7B4D11BA9D42281D /* Pods-ChatDemoTests.release.xcconfig */ = {isa = PBXFileReference; includeInIndex = 1; lastKnownFileType = text.xcconfig; name = "Pods-ChatDemoTests.release.xcconfig"; path = "Pods/Target Support Files/Pods-ChatDemoTests/Pods-ChatDemoTests.release.xcconfig"; sourceTree = "<group>"; };
		C373300F004497A6E6EB5C47 /* libPods-ChatDemoUITests.a */ = {isa = PBXFileReference; explicitFileType = archive.ar; includeInIndex = 0; path = "libPods-ChatDemoUITests.a"; sourceTree = BUILT_PRODUCTS_DIR; };
		D4D2CEF838455A1EAFAE32BE /* Pods-ChatDemoUITests.debug.xcconfig */ = {isa = PBXFileReference; includeInIndex = 1; lastKnownFileType = text.xcconfig; name = "Pods-ChatDemoUITests.debug.xcconfig"; path = "Pods/Target Support Files/Pods-ChatDemoUITests/Pods-ChatDemoUITests.debug.xcconfig"; sourceTree = "<group>"; };
		FC0401C721A3F07700F75F1C /* ChatDemo.app */ = {isa = PBXFileReference; explicitFileType = wrapper.application; includeInIndex = 0; path = ChatDemo.app; sourceTree = BUILT_PRODUCTS_DIR; };
		FC0401CA21A3F07700F75F1C /* AppDelegate.h */ = {isa = PBXFileReference; lastKnownFileType = sourcecode.c.h; path = AppDelegate.h; sourceTree = "<group>"; };
		FC0401CB21A3F07700F75F1C /* AppDelegate.m */ = {isa = PBXFileReference; lastKnownFileType = sourcecode.c.objc; path = AppDelegate.m; sourceTree = "<group>"; };
		FC0401D121A3F07700F75F1C /* Base */ = {isa = PBXFileReference; lastKnownFileType = file.storyboard; name = Base; path = Base.lproj/Main.storyboard; sourceTree = "<group>"; };
		FC0401D321A3F07800F75F1C /* Assets.xcassets */ = {isa = PBXFileReference; lastKnownFileType = folder.assetcatalog; path = Assets.xcassets; sourceTree = "<group>"; };
		FC0401D621A3F07800F75F1C /* Base */ = {isa = PBXFileReference; lastKnownFileType = file.storyboard; name = Base; path = Base.lproj/LaunchScreen.storyboard; sourceTree = "<group>"; };
		FC0401D821A3F07800F75F1C /* Info.plist */ = {isa = PBXFileReference; lastKnownFileType = text.plist.xml; path = Info.plist; sourceTree = "<group>"; };
		FC0401D921A3F07800F75F1C /* main.m */ = {isa = PBXFileReference; lastKnownFileType = sourcecode.c.objc; path = main.m; sourceTree = "<group>"; };
		FC0401DF21A3F07800F75F1C /* ChatDemoTests.xctest */ = {isa = PBXFileReference; explicitFileType = wrapper.cfbundle; includeInIndex = 0; path = ChatDemoTests.xctest; sourceTree = BUILT_PRODUCTS_DIR; };
		FC0401E321A3F07800F75F1C /* ChatDemoTests.m */ = {isa = PBXFileReference; lastKnownFileType = sourcecode.c.objc; path = ChatDemoTests.m; sourceTree = "<group>"; };
		FC0401E521A3F07800F75F1C /* Info.plist */ = {isa = PBXFileReference; lastKnownFileType = text.plist.xml; path = Info.plist; sourceTree = "<group>"; };
		FC0401EA21A3F07800F75F1C /* ChatDemoUITests.xctest */ = {isa = PBXFileReference; explicitFileType = wrapper.cfbundle; includeInIndex = 0; path = ChatDemoUITests.xctest; sourceTree = BUILT_PRODUCTS_DIR; };
		FC0401EE21A3F07800F75F1C /* ChatDemoUITests.m */ = {isa = PBXFileReference; lastKnownFileType = sourcecode.c.objc; path = ChatDemoUITests.m; sourceTree = "<group>"; };
		FC0401F021A3F07800F75F1C /* Info.plist */ = {isa = PBXFileReference; lastKnownFileType = text.plist.xml; path = Info.plist; sourceTree = "<group>"; };
		FC04020621A4018500F75F1C /* Macros.h */ = {isa = PBXFileReference; fileEncoding = 4; lastKnownFileType = sourcecode.c.h; path = Macros.h; sourceTree = "<group>"; };
		FC04020721A4018500F75F1C /* QuickTools.m */ = {isa = PBXFileReference; fileEncoding = 4; lastKnownFileType = sourcecode.c.objc; path = QuickTools.m; sourceTree = "<group>"; };
		FC04020821A4018500F75F1C /* MBPManage.h */ = {isa = PBXFileReference; fileEncoding = 4; lastKnownFileType = sourcecode.c.h; path = MBPManage.h; sourceTree = "<group>"; };
		FC04020921A4018500F75F1C /* PrefixHeader.pch */ = {isa = PBXFileReference; fileEncoding = 4; lastKnownFileType = sourcecode.c.h; path = PrefixHeader.pch; sourceTree = "<group>"; };
		FC04020A21A4018500F75F1C /* FPSLabel.m */ = {isa = PBXFileReference; fileEncoding = 4; lastKnownFileType = sourcecode.c.objc; path = FPSLabel.m; sourceTree = "<group>"; };
		FC04020B21A4018600F75F1C /* QuickTools.h */ = {isa = PBXFileReference; fileEncoding = 4; lastKnownFileType = sourcecode.c.h; path = QuickTools.h; sourceTree = "<group>"; };
		FC04020C21A4018600F75F1C /* EMClientManage.h */ = {isa = PBXFileReference; fileEncoding = 4; lastKnownFileType = sourcecode.c.h; path = EMClientManage.h; sourceTree = "<group>"; };
		FC04020D21A4018600F75F1C /* FPSLabel.h */ = {isa = PBXFileReference; fileEncoding = 4; lastKnownFileType = sourcecode.c.h; path = FPSLabel.h; sourceTree = "<group>"; };
		FC04020E21A4018600F75F1C /* EMClientManage.m */ = {isa = PBXFileReference; fileEncoding = 4; lastKnownFileType = sourcecode.c.objc; path = EMClientManage.m; sourceTree = "<group>"; };
		FC04020F21A4018600F75F1C /* MBPManage.m */ = {isa = PBXFileReference; fileEncoding = 4; lastKnownFileType = sourcecode.c.objc; path = MBPManage.m; sourceTree = "<group>"; };
		FC04021521A4021500F75F1C /* UITabBar+Badge.h */ = {isa = PBXFileReference; fileEncoding = 4; lastKnownFileType = sourcecode.c.h; path = "UITabBar+Badge.h"; sourceTree = "<group>"; };
		FC04021621A4021500F75F1C /* UITabBar+Badge.m */ = {isa = PBXFileReference; fileEncoding = 4; lastKnownFileType = sourcecode.c.objc; path = "UITabBar+Badge.m"; sourceTree = "<group>"; };
		FC04021821A4030700F75F1C /* TabBarVC.m */ = {isa = PBXFileReference; fileEncoding = 4; lastKnownFileType = sourcecode.c.objc; path = TabBarVC.m; sourceTree = "<group>"; };
		FC04021921A4030700F75F1C /* BaseVC.h */ = {isa = PBXFileReference; fileEncoding = 4; lastKnownFileType = sourcecode.c.h; path = BaseVC.h; sourceTree = "<group>"; };
		FC04021A21A4030700F75F1C /* BaseVC.m */ = {isa = PBXFileReference; fileEncoding = 4; lastKnownFileType = sourcecode.c.objc; path = BaseVC.m; sourceTree = "<group>"; };
		FC04021B21A4030800F75F1C /* TabBarVC.h */ = {isa = PBXFileReference; fileEncoding = 4; lastKnownFileType = sourcecode.c.h; path = TabBarVC.h; sourceTree = "<group>"; };
		FC04021E21A403BA00F75F1C /* LocalNotificationManage.m */ = {isa = PBXFileReference; fileEncoding = 4; lastKnownFileType = sourcecode.c.objc; path = LocalNotificationManage.m; sourceTree = "<group>"; };
		FC04021F21A403BA00F75F1C /* LocalNotificationManage.h */ = {isa = PBXFileReference; fileEncoding = 4; lastKnownFileType = sourcecode.c.h; path = LocalNotificationManage.h; sourceTree = "<group>"; };
		FC04022121A4040100F75F1C /* ChatListVC.h */ = {isa = PBXFileReference; lastKnownFileType = sourcecode.c.h; path = ChatListVC.h; sourceTree = "<group>"; };
		FC04022221A4040100F75F1C /* ChatListVC.m */ = {isa = PBXFileReference; lastKnownFileType = sourcecode.c.objc; path = ChatListVC.m; sourceTree = "<group>"; };
		FC04022421A4041E00F75F1C /* ChatVC.h */ = {isa = PBXFileReference; fileEncoding = 4; lastKnownFileType = sourcecode.c.h; path = ChatVC.h; sourceTree = "<group>"; };
		FC04022521A4041E00F75F1C /* ChatVC.m */ = {isa = PBXFileReference; fileEncoding = 4; lastKnownFileType = sourcecode.c.objc; path = ChatVC.m; sourceTree = "<group>"; };
		FC04022721A404FA00F75F1C /* ContactListVC.h */ = {isa = PBXFileReference; lastKnownFileType = sourcecode.c.h; path = ContactListVC.h; sourceTree = "<group>"; };
		FC04022821A404FA00F75F1C /* ContactListVC.m */ = {isa = PBXFileReference; lastKnownFileType = sourcecode.c.objc; path = ContactListVC.m; sourceTree = "<group>"; };
		FC04022A21A4052000F75F1C /* SettingVC.h */ = {isa = PBXFileReference; lastKnownFileType = sourcecode.c.h; path = SettingVC.h; sourceTree = "<group>"; };
		FC04022B21A4052000F75F1C /* SettingVC.m */ = {isa = PBXFileReference; lastKnownFileType = sourcecode.c.objc; path = SettingVC.m; sourceTree = "<group>"; };
		FC04022D21A4053800F75F1C /* LoginVC.h */ = {isa = PBXFileReference; fileEncoding = 4; lastKnownFileType = sourcecode.c.h; path = LoginVC.h; sourceTree = "<group>"; };
		FC04022E21A4053800F75F1C /* LoginVC.m */ = {isa = PBXFileReference; fileEncoding = 4; lastKnownFileType = sourcecode.c.objc; path = LoginVC.m; sourceTree = "<group>"; };
		FC04023021A4590900F75F1C /* AddFriendVC.h */ = {isa = PBXFileReference; lastKnownFileType = sourcecode.c.h; path = AddFriendVC.h; sourceTree = "<group>"; };
		FC04023121A4590900F75F1C /* AddFriendVC.m */ = {isa = PBXFileReference; lastKnownFileType = sourcecode.c.objc; path = AddFriendVC.m; sourceTree = "<group>"; };
		FC18D38421A9920400562113 /* GroupMemberManageVCModel.h */ = {isa = PBXFileReference; lastKnownFileType = sourcecode.c.h; path = GroupMemberManageVCModel.h; sourceTree = "<group>"; };
		FC18D38521A9920400562113 /* GroupMemberManageVCModel.m */ = {isa = PBXFileReference; lastKnownFileType = sourcecode.c.objc; path = GroupMemberManageVCModel.m; sourceTree = "<group>"; };
		FCDE8AB521A69435006D556B /* Network.h */ = {isa = PBXFileReference; fileEncoding = 4; lastKnownFileType = sourcecode.c.h; path = Network.h; sourceTree = "<group>"; };
		FCDE8AB621A69435006D556B /* Network.m */ = {isa = PBXFileReference; fileEncoding = 4; lastKnownFileType = sourcecode.c.objc; path = Network.m; sourceTree = "<group>"; };
		FCDE8AB821A6A610006D556B /* AddGroupVC.h */ = {isa = PBXFileReference; lastKnownFileType = sourcecode.c.h; path = AddGroupVC.h; sourceTree = "<group>"; };
		FCDE8AB921A6A610006D556B /* AddGroupVC.m */ = {isa = PBXFileReference; lastKnownFileType = sourcecode.c.objc; path = AddGroupVC.m; sourceTree = "<group>"; };
		FCDE8ABB21A6B407006D556B /* GroupManageVC.h */ = {isa = PBXFileReference; lastKnownFileType = sourcecode.c.h; path = GroupManageVC.h; sourceTree = "<group>"; };
		FCDE8ABC21A6B407006D556B /* GroupManageVC.m */ = {isa = PBXFileReference; lastKnownFileType = sourcecode.c.objc; path = GroupManageVC.m; sourceTree = "<group>"; };
		FCDE8ABE21A6EAB5006D556B /* GroupMemberManageVC.h */ = {isa = PBXFileReference; lastKnownFileType = sourcecode.c.h; path = GroupMemberManageVC.h; sourceTree = "<group>"; };
		FCDE8ABF21A6EAB5006D556B /* GroupMemberManageVC.m */ = {isa = PBXFileReference; lastKnownFileType = sourcecode.c.objc; path = GroupMemberManageVC.m; sourceTree = "<group>"; };
		FCDE8AC121A6F1DF006D556B /* PersonInfo.m */ = {isa = PBXFileReference; fileEncoding = 4; lastKnownFileType = sourcecode.c.objc; path = PersonInfo.m; sourceTree = "<group>"; };
		FCDE8AC221A6F1DF006D556B /* PersonInfo.h */ = {isa = PBXFileReference; fileEncoding = 4; lastKnownFileType = sourcecode.c.h; path = PersonInfo.h; sourceTree = "<group>"; };
/* End PBXFileReference section */

/* Begin PBXFrameworksBuildPhase section */
		FC0401C421A3F07700F75F1C /* Frameworks */ = {
			isa = PBXFrameworksBuildPhase;
			buildActionMask = 2147483647;
			files = (
				416C61BC4138B47DA7EA3562 /* libPods-ChatDemo.a in Frameworks */,
			);
			runOnlyForDeploymentPostprocessing = 0;
		};
		FC0401DC21A3F07800F75F1C /* Frameworks */ = {
			isa = PBXFrameworksBuildPhase;
			buildActionMask = 2147483647;
			files = (
				67A3404D17ACE896C25A27CD /* libPods-ChatDemoTests.a in Frameworks */,
			);
			runOnlyForDeploymentPostprocessing = 0;
		};
		FC0401E721A3F07800F75F1C /* Frameworks */ = {
			isa = PBXFrameworksBuildPhase;
			buildActionMask = 2147483647;
			files = (
				DF2A65850DD9AC02D865F70B /* libPods-ChatDemoUITests.a in Frameworks */,
			);
			runOnlyForDeploymentPostprocessing = 0;
		};
/* End PBXFrameworksBuildPhase section */

/* Begin PBXGroup section */
		0E01EC6DD2847953B30B703E /* Frameworks */ = {
			isa = PBXGroup;
			children = (
				B6A45E382108469C957ECD24 /* libPods-ChatDemo.a */,
				459095B8C908038D610B288B /* libPods-ChatDemoTests.a */,
				C373300F004497A6E6EB5C47 /* libPods-ChatDemoUITests.a */,
			);
			name = Frameworks;
			sourceTree = "<group>";
		};
		2DEBA12EE72C2744DDDC24C9 /* Pods */ = {
			isa = PBXGroup;
			children = (
				49564C8D3773D8B500B2E078 /* Pods-ChatDemo.debug.xcconfig */,
				599DE015B4D221B9E2CA8F33 /* Pods-ChatDemo.release.xcconfig */,
				6768A1AC8CC83EFEAA6945B8 /* Pods-ChatDemoTests.debug.xcconfig */,
				B6BDB8FD7B4D11BA9D42281D /* Pods-ChatDemoTests.release.xcconfig */,
				D4D2CEF838455A1EAFAE32BE /* Pods-ChatDemoUITests.debug.xcconfig */,
				AC0ADE00C75E69BA598AC269 /* Pods-ChatDemoUITests.release.xcconfig */,
			);
			name = Pods;
			sourceTree = "<group>";
		};
		FC0401BE21A3F07700F75F1C = {
			isa = PBXGroup;
			children = (
				FC0401C921A3F07700F75F1C /* ChatDemo */,
				FC0401E221A3F07800F75F1C /* ChatDemoTests */,
				FC0401ED21A3F07800F75F1C /* ChatDemoUITests */,
				FC0401C821A3F07700F75F1C /* Products */,
				2DEBA12EE72C2744DDDC24C9 /* Pods */,
				0E01EC6DD2847953B30B703E /* Frameworks */,
			);
			sourceTree = "<group>";
		};
		FC0401C821A3F07700F75F1C /* Products */ = {
			isa = PBXGroup;
			children = (
				FC0401C721A3F07700F75F1C /* ChatDemo.app */,
				FC0401DF21A3F07800F75F1C /* ChatDemoTests.xctest */,
				FC0401EA21A3F07800F75F1C /* ChatDemoUITests.xctest */,
			);
			name = Products;
			sourceTree = "<group>";
		};
		FC0401C921A3F07700F75F1C /* ChatDemo */ = {
			isa = PBXGroup;
			children = (
				FC0401FD21A400B800F75F1C /* Tools */,
				FC0401FC21A4008000F75F1C /* Base */,
				FC0401FF21A400D700F75F1C /* TabOne */,
				FC04020021A4012000F75F1C /* TabTwo */,
				FC04020121A4012800F75F1C /* TabThree */,
				FC0401FE21A400D000F75F1C /* Login */,
				FC0401D021A3F07700F75F1C /* Main.storyboard */,
				FC0401D321A3F07800F75F1C /* Assets.xcassets */,
				FC0401D521A3F07800F75F1C /* LaunchScreen.storyboard */,
				FC0401D821A3F07800F75F1C /* Info.plist */,
				FC0401D921A3F07800F75F1C /* main.m */,
			);
			path = ChatDemo;
			sourceTree = "<group>";
		};
		FC0401E221A3F07800F75F1C /* ChatDemoTests */ = {
			isa = PBXGroup;
			children = (
				FC0401E321A3F07800F75F1C /* ChatDemoTests.m */,
				FC0401E521A3F07800F75F1C /* Info.plist */,
			);
			path = ChatDemoTests;
			sourceTree = "<group>";
		};
		FC0401ED21A3F07800F75F1C /* ChatDemoUITests */ = {
			isa = PBXGroup;
			children = (
				FC0401EE21A3F07800F75F1C /* ChatDemoUITests.m */,
				FC0401F021A3F07800F75F1C /* Info.plist */,
			);
			path = ChatDemoUITests;
			sourceTree = "<group>";
		};
		FC0401FC21A4008000F75F1C /* Base */ = {
			isa = PBXGroup;
			children = (
				FC0401CA21A3F07700F75F1C /* AppDelegate.h */,
				FC0401CB21A3F07700F75F1C /* AppDelegate.m */,
				FC04021B21A4030800F75F1C /* TabBarVC.h */,
				FC04021821A4030700F75F1C /* TabBarVC.m */,
				FC04021921A4030700F75F1C /* BaseVC.h */,
				FC04021A21A4030700F75F1C /* BaseVC.m */,
			);
			path = Base;
			sourceTree = "<group>";
		};
		FC0401FD21A400B800F75F1C /* Tools */ = {
			isa = PBXGroup;
			children = (
				FC04020921A4018500F75F1C /* PrefixHeader.pch */,
				FC04020621A4018500F75F1C /* Macros.h */,
				FC04020B21A4018600F75F1C /* QuickTools.h */,
				FC04020721A4018500F75F1C /* QuickTools.m */,
				FCDE8AB521A69435006D556B /* Network.h */,
				FCDE8AB621A69435006D556B /* Network.m */,
				FC04020C21A4018600F75F1C /* EMClientManage.h */,
				FC04020E21A4018600F75F1C /* EMClientManage.m */,
				FC04020D21A4018600F75F1C /* FPSLabel.h */,
				FC04020A21A4018500F75F1C /* FPSLabel.m */,
				FC04020821A4018500F75F1C /* MBPManage.h */,
				FC04020F21A4018600F75F1C /* MBPManage.m */,
				FC04021F21A403BA00F75F1C /* LocalNotificationManage.h */,
				FC04021E21A403BA00F75F1C /* LocalNotificationManage.m */,
				FC04021421A4021500F75F1C /* Extension */,
			);
			path = Tools;
			sourceTree = "<group>";
		};
		FC0401FE21A400D000F75F1C /* Login */ = {
			isa = PBXGroup;
			children = (
				FC04020221A4013400F75F1C /* VC */,
			);
			path = Login;
			sourceTree = "<group>";
		};
		FC0401FF21A400D700F75F1C /* TabOne */ = {
			isa = PBXGroup;
			children = (
				FC18D38321A991E100562113 /* M */,
				FC04020321A4013900F75F1C /* VC */,
			);
			path = TabOne;
			sourceTree = "<group>";
		};
		FC04020021A4012000F75F1C /* TabTwo */ = {
			isa = PBXGroup;
			children = (
				FC04020421A4013B00F75F1C /* VC */,
			);
			path = TabTwo;
			sourceTree = "<group>";
		};
		FC04020121A4012800F75F1C /* TabThree */ = {
			isa = PBXGroup;
			children = (
				FC04020521A4013E00F75F1C /* VC */,
			);
			path = TabThree;
			sourceTree = "<group>";
		};
		FC04020221A4013400F75F1C /* VC */ = {
			isa = PBXGroup;
			children = (
				FC04022D21A4053800F75F1C /* LoginVC.h */,
				FC04022E21A4053800F75F1C /* LoginVC.m */,
			);
			path = VC;
			sourceTree = "<group>";
		};
		FC04020321A4013900F75F1C /* VC */ = {
			isa = PBXGroup;
			children = (
				FC04022121A4040100F75F1C /* ChatListVC.h */,
				FC04022221A4040100F75F1C /* ChatListVC.m */,
				FC04022421A4041E00F75F1C /* ChatVC.h */,
				FC04022521A4041E00F75F1C /* ChatVC.m */,
				FCDE8ABB21A6B407006D556B /* GroupManageVC.h */,
				FCDE8ABC21A6B407006D556B /* GroupManageVC.m */,
				FCDE8ABE21A6EAB5006D556B /* GroupMemberManageVC.h */,
				FCDE8ABF21A6EAB5006D556B /* GroupMemberManageVC.m */,
				FCDE8AC221A6F1DF006D556B /* PersonInfo.h */,
				FCDE8AC121A6F1DF006D556B /* PersonInfo.m */,
			);
			path = VC;
			sourceTree = "<group>";
		};
		FC04020421A4013B00F75F1C /* VC */ = {
			isa = PBXGroup;
			children = (
				FC04022721A404FA00F75F1C /* ContactListVC.h */,
				FC04022821A404FA00F75F1C /* ContactListVC.m */,
				FC04023021A4590900F75F1C /* AddFriendVC.h */,
				FC04023121A4590900F75F1C /* AddFriendVC.m */,
				FCDE8AB821A6A610006D556B /* AddGroupVC.h */,
				FCDE8AB921A6A610006D556B /* AddGroupVC.m */,
			);
			path = VC;
			sourceTree = "<group>";
		};
		FC04020521A4013E00F75F1C /* VC */ = {
			isa = PBXGroup;
			children = (
				FC04022A21A4052000F75F1C /* SettingVC.h */,
				FC04022B21A4052000F75F1C /* SettingVC.m */,
			);
			path = VC;
			sourceTree = "<group>";
		};
		FC04021421A4021500F75F1C /* Extension */ = {
			isa = PBXGroup;
			children = (
				FC04021521A4021500F75F1C /* UITabBar+Badge.h */,
				FC04021621A4021500F75F1C /* UITabBar+Badge.m */,
			);
			path = Extension;
			sourceTree = "<group>";
		};
		FC18D38321A991E100562113 /* M */ = {
			isa = PBXGroup;
			children = (
				FC18D38421A9920400562113 /* GroupMemberManageVCModel.h */,
				FC18D38521A9920400562113 /* GroupMemberManageVCModel.m */,
			);
			path = M;
			sourceTree = "<group>";
		};
/* End PBXGroup section */

/* Begin PBXNativeTarget section */
		FC0401C621A3F07700F75F1C /* ChatDemo */ = {
			isa = PBXNativeTarget;
			buildConfigurationList = FC0401F321A3F07800F75F1C /* Build configuration list for PBXNativeTarget "ChatDemo" */;
			buildPhases = (
				2806BEC84D886AA931F94C9D /* [CP] Check Pods Manifest.lock */,
				FC0401C321A3F07700F75F1C /* Sources */,
				FC0401C421A3F07700F75F1C /* Frameworks */,
				FC0401C521A3F07700F75F1C /* Resources */,
				828CFF3EBAD881225B296799 /* [CP] Copy Pods Resources */,
				E1D5F83F1C088D10A18ECE06 /* [CP] Embed Pods Frameworks */,
			);
			buildRules = (
			);
			dependencies = (
			);
			name = ChatDemo;
			productName = ChatDemo;
			productReference = FC0401C721A3F07700F75F1C /* ChatDemo.app */;
			productType = "com.apple.product-type.application";
		};
		FC0401DE21A3F07800F75F1C /* ChatDemoTests */ = {
			isa = PBXNativeTarget;
			buildConfigurationList = FC0401F621A3F07800F75F1C /* Build configuration list for PBXNativeTarget "ChatDemoTests" */;
			buildPhases = (
				F01A51EBDABB55DEE277BA83 /* [CP] Check Pods Manifest.lock */,
				FC0401DB21A3F07800F75F1C /* Sources */,
				FC0401DC21A3F07800F75F1C /* Frameworks */,
				FC0401DD21A3F07800F75F1C /* Resources */,
			);
			buildRules = (
			);
			dependencies = (
				FC0401E121A3F07800F75F1C /* PBXTargetDependency */,
			);
			name = ChatDemoTests;
			productName = ChatDemoTests;
			productReference = FC0401DF21A3F07800F75F1C /* ChatDemoTests.xctest */;
			productType = "com.apple.product-type.bundle.unit-test";
		};
		FC0401E921A3F07800F75F1C /* ChatDemoUITests */ = {
			isa = PBXNativeTarget;
			buildConfigurationList = FC0401F921A3F07800F75F1C /* Build configuration list for PBXNativeTarget "ChatDemoUITests" */;
			buildPhases = (
				18EBD7FA61CA634E71F07935 /* [CP] Check Pods Manifest.lock */,
				FC0401E621A3F07800F75F1C /* Sources */,
				FC0401E721A3F07800F75F1C /* Frameworks */,
				FC0401E821A3F07800F75F1C /* Resources */,
			);
			buildRules = (
			);
			dependencies = (
				FC0401EC21A3F07800F75F1C /* PBXTargetDependency */,
			);
			name = ChatDemoUITests;
			productName = ChatDemoUITests;
			productReference = FC0401EA21A3F07800F75F1C /* ChatDemoUITests.xctest */;
			productType = "com.apple.product-type.bundle.ui-testing";
		};
/* End PBXNativeTarget section */

/* Begin PBXProject section */
		FC0401BF21A3F07700F75F1C /* Project object */ = {
			isa = PBXProject;
			attributes = {
				LastUpgradeCheck = 1010;
				ORGANIZATIONNAME = "dyh绝地求生专业送快递";
				TargetAttributes = {
					FC0401C621A3F07700F75F1C = {
						CreatedOnToolsVersion = 10.1;
					};
					FC0401DE21A3F07800F75F1C = {
						CreatedOnToolsVersion = 10.1;
						TestTargetID = FC0401C621A3F07700F75F1C;
					};
					FC0401E921A3F07800F75F1C = {
						CreatedOnToolsVersion = 10.1;
						TestTargetID = FC0401C621A3F07700F75F1C;
					};
				};
			};
			buildConfigurationList = FC0401C221A3F07700F75F1C /* Build configuration list for PBXProject "ChatDemo" */;
			compatibilityVersion = "Xcode 9.3";
			developmentRegion = en;
			hasScannedForEncodings = 0;
			knownRegions = (
				en,
				Base,
			);
			mainGroup = FC0401BE21A3F07700F75F1C;
			productRefGroup = FC0401C821A3F07700F75F1C /* Products */;
			projectDirPath = "";
			projectRoot = "";
			targets = (
				FC0401C621A3F07700F75F1C /* ChatDemo */,
				FC0401DE21A3F07800F75F1C /* ChatDemoTests */,
				FC0401E921A3F07800F75F1C /* ChatDemoUITests */,
			);
		};
/* End PBXProject section */

/* Begin PBXResourcesBuildPhase section */
		FC0401C521A3F07700F75F1C /* Resources */ = {
			isa = PBXResourcesBuildPhase;
			buildActionMask = 2147483647;
			files = (
				FC0401D721A3F07800F75F1C /* LaunchScreen.storyboard in Resources */,
				FC0401D421A3F07800F75F1C /* Assets.xcassets in Resources */,
				FC0401D221A3F07700F75F1C /* Main.storyboard in Resources */,
			);
			runOnlyForDeploymentPostprocessing = 0;
		};
		FC0401DD21A3F07800F75F1C /* Resources */ = {
			isa = PBXResourcesBuildPhase;
			buildActionMask = 2147483647;
			files = (
			);
			runOnlyForDeploymentPostprocessing = 0;
		};
		FC0401E821A3F07800F75F1C /* Resources */ = {
			isa = PBXResourcesBuildPhase;
			buildActionMask = 2147483647;
			files = (
			);
			runOnlyForDeploymentPostprocessing = 0;
		};
/* End PBXResourcesBuildPhase section */

/* Begin PBXShellScriptBuildPhase section */
		18EBD7FA61CA634E71F07935 /* [CP] Check Pods Manifest.lock */ = {
			isa = PBXShellScriptBuildPhase;
			buildActionMask = 2147483647;
			files = (
			);
			inputFileListPaths = (
			);
			inputPaths = (
				"${PODS_PODFILE_DIR_PATH}/Podfile.lock",
				"${PODS_ROOT}/Manifest.lock",
			);
			name = "[CP] Check Pods Manifest.lock";
			outputFileListPaths = (
			);
			outputPaths = (
				"$(DERIVED_FILE_DIR)/Pods-ChatDemoUITests-checkManifestLockResult.txt",
			);
			runOnlyForDeploymentPostprocessing = 0;
			shellPath = /bin/sh;
			shellScript = "diff \"${PODS_PODFILE_DIR_PATH}/Podfile.lock\" \"${PODS_ROOT}/Manifest.lock\" > /dev/null\nif [ $? != 0 ] ; then\n    # print error to STDERR\n    echo \"error: The sandbox is not in sync with the Podfile.lock. Run 'pod install' or update your CocoaPods installation.\" >&2\n    exit 1\nfi\n# This output is used by Xcode 'outputs' to avoid re-running this script phase.\necho \"SUCCESS\" > \"${SCRIPT_OUTPUT_FILE_0}\"\n";
			showEnvVarsInLog = 0;
		};
		2806BEC84D886AA931F94C9D /* [CP] Check Pods Manifest.lock */ = {
			isa = PBXShellScriptBuildPhase;
			buildActionMask = 2147483647;
			files = (
			);
			inputFileListPaths = (
			);
			inputPaths = (
				"${PODS_PODFILE_DIR_PATH}/Podfile.lock",
				"${PODS_ROOT}/Manifest.lock",
			);
			name = "[CP] Check Pods Manifest.lock";
			outputFileListPaths = (
			);
			outputPaths = (
				"$(DERIVED_FILE_DIR)/Pods-ChatDemo-checkManifestLockResult.txt",
			);
			runOnlyForDeploymentPostprocessing = 0;
			shellPath = /bin/sh;
			shellScript = "diff \"${PODS_PODFILE_DIR_PATH}/Podfile.lock\" \"${PODS_ROOT}/Manifest.lock\" > /dev/null\nif [ $? != 0 ] ; then\n    # print error to STDERR\n    echo \"error: The sandbox is not in sync with the Podfile.lock. Run 'pod install' or update your CocoaPods installation.\" >&2\n    exit 1\nfi\n# This output is used by Xcode 'outputs' to avoid re-running this script phase.\necho \"SUCCESS\" > \"${SCRIPT_OUTPUT_FILE_0}\"\n";
			showEnvVarsInLog = 0;
		};
		828CFF3EBAD881225B296799 /* [CP] Copy Pods Resources */ = {
			isa = PBXShellScriptBuildPhase;
			buildActionMask = 2147483647;
			files = (
			);
			inputFileListPaths = (
			);
			inputPaths = (
				"${SRCROOT}/Pods/Target Support Files/Pods-ChatDemo/Pods-ChatDemo-resources.sh",
				"${PODS_ROOT}/Bugtags/Bugtags.bundle",
				"${PODS_ROOT}/EaseUI/EaseUI/resources/EaseUIResource.bundle",
				"${PODS_ROOT}/MJRefresh/MJRefresh/MJRefresh.bundle",
				"${PODS_CONFIGURATION_BUILD_DIR}/MWPhotoBrowser/MWPhotoBrowser.bundle",
			);
			name = "[CP] Copy Pods Resources";
			outputFileListPaths = (
			);
			outputPaths = (
				"${TARGET_BUILD_DIR}/${UNLOCALIZED_RESOURCES_FOLDER_PATH}/Bugtags.bundle",
				"${TARGET_BUILD_DIR}/${UNLOCALIZED_RESOURCES_FOLDER_PATH}/EaseUIResource.bundle",
				"${TARGET_BUILD_DIR}/${UNLOCALIZED_RESOURCES_FOLDER_PATH}/MJRefresh.bundle",
				"${TARGET_BUILD_DIR}/${UNLOCALIZED_RESOURCES_FOLDER_PATH}/MWPhotoBrowser.bundle",
			);
			runOnlyForDeploymentPostprocessing = 0;
			shellPath = /bin/sh;
			shellScript = "\"${SRCROOT}/Pods/Target Support Files/Pods-ChatDemo/Pods-ChatDemo-resources.sh\"\n";
			showEnvVarsInLog = 0;
		};
		E1D5F83F1C088D10A18ECE06 /* [CP] Embed Pods Frameworks */ = {
			isa = PBXShellScriptBuildPhase;
			buildActionMask = 2147483647;
			files = (
			);
			inputFileListPaths = (
			);
			inputPaths = (
				"${SRCROOT}/Pods/Target Support Files/Pods-ChatDemo/Pods-ChatDemo-frameworks.sh",
				"${PODS_ROOT}/Hyphenate/iOS_Pods_IMFullSDK_V3.4.3/Hyphenate.framework",
			);
			name = "[CP] Embed Pods Frameworks";
			outputFileListPaths = (
			);
			outputPaths = (
				"${TARGET_BUILD_DIR}/${FRAMEWORKS_FOLDER_PATH}/Hyphenate.framework",
			);
			runOnlyForDeploymentPostprocessing = 0;
			shellPath = /bin/sh;
			shellScript = "\"${SRCROOT}/Pods/Target Support Files/Pods-ChatDemo/Pods-ChatDemo-frameworks.sh\"\n";
			showEnvVarsInLog = 0;
		};
		F01A51EBDABB55DEE277BA83 /* [CP] Check Pods Manifest.lock */ = {
			isa = PBXShellScriptBuildPhase;
			buildActionMask = 2147483647;
			files = (
			);
			inputFileListPaths = (
			);
			inputPaths = (
				"${PODS_PODFILE_DIR_PATH}/Podfile.lock",
				"${PODS_ROOT}/Manifest.lock",
			);
			name = "[CP] Check Pods Manifest.lock";
			outputFileListPaths = (
			);
			outputPaths = (
				"$(DERIVED_FILE_DIR)/Pods-ChatDemoTests-checkManifestLockResult.txt",
			);
			runOnlyForDeploymentPostprocessing = 0;
			shellPath = /bin/sh;
			shellScript = "diff \"${PODS_PODFILE_DIR_PATH}/Podfile.lock\" \"${PODS_ROOT}/Manifest.lock\" > /dev/null\nif [ $? != 0 ] ; then\n    # print error to STDERR\n    echo \"error: The sandbox is not in sync with the Podfile.lock. Run 'pod install' or update your CocoaPods installation.\" >&2\n    exit 1\nfi\n# This output is used by Xcode 'outputs' to avoid re-running this script phase.\necho \"SUCCESS\" > \"${SCRIPT_OUTPUT_FILE_0}\"\n";
			showEnvVarsInLog = 0;
		};
/* End PBXShellScriptBuildPhase section */

/* Begin PBXSourcesBuildPhase section */
		FC0401C321A3F07700F75F1C /* Sources */ = {
			isa = PBXSourcesBuildPhase;
			buildActionMask = 2147483647;
			files = (
				FCDE8AC321A6F1DF006D556B /* PersonInfo.m in Sources */,
				FC04022621A4041E00F75F1C /* ChatVC.m in Sources */,
				FC04021221A4018600F75F1C /* EMClientManage.m in Sources */,
				FC18D38621A9920400562113 /* GroupMemberManageVCModel.m in Sources */,
				FC04023221A4590900F75F1C /* AddFriendVC.m in Sources */,
				FCDE8AC021A6EAB5006D556B /* GroupMemberManageVC.m in Sources */,
				FC04022F21A4053800F75F1C /* LoginVC.m in Sources */,
				FC04021021A4018600F75F1C /* QuickTools.m in Sources */,
				FC04022321A4040100F75F1C /* ChatListVC.m in Sources */,
				FC04021C21A4030800F75F1C /* TabBarVC.m in Sources */,
				FC04022921A404FA00F75F1C /* ContactListVC.m in Sources */,
				FC04021D21A4030800F75F1C /* BaseVC.m in Sources */,
				FC04021321A4018600F75F1C /* MBPManage.m in Sources */,
				FC04022021A403BA00F75F1C /* LocalNotificationManage.m in Sources */,
				FCDE8AB721A69435006D556B /* Network.m in Sources */,
				FC04022C21A4052000F75F1C /* SettingVC.m in Sources */,
				FCDE8ABD21A6B407006D556B /* GroupManageVC.m in Sources */,
				FC0401DA21A3F07800F75F1C /* main.m in Sources */,
				FCDE8ABA21A6A610006D556B /* AddGroupVC.m in Sources */,
				FC04021121A4018600F75F1C /* FPSLabel.m in Sources */,
				FC0401CC21A3F07700F75F1C /* AppDelegate.m in Sources */,
				FC04021721A4021500F75F1C /* UITabBar+Badge.m in Sources */,
			);
			runOnlyForDeploymentPostprocessing = 0;
		};
		FC0401DB21A3F07800F75F1C /* Sources */ = {
			isa = PBXSourcesBuildPhase;
			buildActionMask = 2147483647;
			files = (
				FC0401E421A3F07800F75F1C /* ChatDemoTests.m in Sources */,
			);
			runOnlyForDeploymentPostprocessing = 0;
		};
		FC0401E621A3F07800F75F1C /* Sources */ = {
			isa = PBXSourcesBuildPhase;
			buildActionMask = 2147483647;
			files = (
				FC0401EF21A3F07800F75F1C /* ChatDemoUITests.m in Sources */,
			);
			runOnlyForDeploymentPostprocessing = 0;
		};
/* End PBXSourcesBuildPhase section */

/* Begin PBXTargetDependency section */
		FC0401E121A3F07800F75F1C /* PBXTargetDependency */ = {
			isa = PBXTargetDependency;
			target = FC0401C621A3F07700F75F1C /* ChatDemo */;
			targetProxy = FC0401E021A3F07800F75F1C /* PBXContainerItemProxy */;
		};
		FC0401EC21A3F07800F75F1C /* PBXTargetDependency */ = {
			isa = PBXTargetDependency;
			target = FC0401C621A3F07700F75F1C /* ChatDemo */;
			targetProxy = FC0401EB21A3F07800F75F1C /* PBXContainerItemProxy */;
		};
/* End PBXTargetDependency section */

/* Begin PBXVariantGroup section */
		FC0401D021A3F07700F75F1C /* Main.storyboard */ = {
			isa = PBXVariantGroup;
			children = (
				FC0401D121A3F07700F75F1C /* Base */,
			);
			name = Main.storyboard;
			sourceTree = "<group>";
		};
		FC0401D521A3F07800F75F1C /* LaunchScreen.storyboard */ = {
			isa = PBXVariantGroup;
			children = (
				FC0401D621A3F07800F75F1C /* Base */,
			);
			name = LaunchScreen.storyboard;
			sourceTree = "<group>";
		};
/* End PBXVariantGroup section */

/* Begin XCBuildConfiguration section */
		FC0401F121A3F07800F75F1C /* Debug */ = {
			isa = XCBuildConfiguration;
			buildSettings = {
				ALWAYS_SEARCH_USER_PATHS = NO;
				CLANG_ANALYZER_NONNULL = YES;
				CLANG_ANALYZER_NUMBER_OBJECT_CONVERSION = YES_AGGRESSIVE;
				CLANG_CXX_LANGUAGE_STANDARD = "gnu++14";
				CLANG_CXX_LIBRARY = "libc++";
				CLANG_ENABLE_MODULES = YES;
				CLANG_ENABLE_OBJC_ARC = YES;
				CLANG_ENABLE_OBJC_WEAK = YES;
				CLANG_WARN_BLOCK_CAPTURE_AUTORELEASING = YES;
				CLANG_WARN_BOOL_CONVERSION = YES;
				CLANG_WARN_COMMA = YES;
				CLANG_WARN_CONSTANT_CONVERSION = YES;
				CLANG_WARN_DEPRECATED_OBJC_IMPLEMENTATIONS = YES;
				CLANG_WARN_DIRECT_OBJC_ISA_USAGE = YES_ERROR;
				CLANG_WARN_DOCUMENTATION_COMMENTS = YES;
				CLANG_WARN_EMPTY_BODY = YES;
				CLANG_WARN_ENUM_CONVERSION = YES;
				CLANG_WARN_INFINITE_RECURSION = YES;
				CLANG_WARN_INT_CONVERSION = YES;
				CLANG_WARN_NON_LITERAL_NULL_CONVERSION = YES;
				CLANG_WARN_OBJC_IMPLICIT_RETAIN_SELF = YES;
				CLANG_WARN_OBJC_LITERAL_CONVERSION = YES;
				CLANG_WARN_OBJC_ROOT_CLASS = YES_ERROR;
				CLANG_WARN_RANGE_LOOP_ANALYSIS = YES;
				CLANG_WARN_STRICT_PROTOTYPES = YES;
				CLANG_WARN_SUSPICIOUS_MOVE = YES;
				CLANG_WARN_UNGUARDED_AVAILABILITY = YES_AGGRESSIVE;
				CLANG_WARN_UNREACHABLE_CODE = YES;
				CLANG_WARN__DUPLICATE_METHOD_MATCH = YES;
				CODE_SIGN_IDENTITY = "iPhone Developer";
				COPY_PHASE_STRIP = NO;
				DEBUG_INFORMATION_FORMAT = dwarf;
				ENABLE_STRICT_OBJC_MSGSEND = YES;
				ENABLE_TESTABILITY = YES;
				GCC_C_LANGUAGE_STANDARD = gnu11;
				GCC_DYNAMIC_NO_PIC = NO;
				GCC_NO_COMMON_BLOCKS = YES;
				GCC_OPTIMIZATION_LEVEL = 0;
				GCC_PREPROCESSOR_DEFINITIONS = (
					"DEBUG=1",
					"$(inherited)",
				);
				GCC_WARN_64_TO_32_BIT_CONVERSION = YES;
				GCC_WARN_ABOUT_RETURN_TYPE = YES_ERROR;
				GCC_WARN_UNDECLARED_SELECTOR = YES;
				GCC_WARN_UNINITIALIZED_AUTOS = YES_AGGRESSIVE;
				GCC_WARN_UNUSED_FUNCTION = YES;
				GCC_WARN_UNUSED_VARIABLE = YES;
				IPHONEOS_DEPLOYMENT_TARGET = 12.1;
				MTL_ENABLE_DEBUG_INFO = INCLUDE_SOURCE;
				MTL_FAST_MATH = YES;
				ONLY_ACTIVE_ARCH = YES;
				SDKROOT = iphoneos;
			};
			name = Debug;
		};
		FC0401F221A3F07800F75F1C /* Release */ = {
			isa = XCBuildConfiguration;
			buildSettings = {
				ALWAYS_SEARCH_USER_PATHS = NO;
				CLANG_ANALYZER_NONNULL = YES;
				CLANG_ANALYZER_NUMBER_OBJECT_CONVERSION = YES_AGGRESSIVE;
				CLANG_CXX_LANGUAGE_STANDARD = "gnu++14";
				CLANG_CXX_LIBRARY = "libc++";
				CLANG_ENABLE_MODULES = YES;
				CLANG_ENABLE_OBJC_ARC = YES;
				CLANG_ENABLE_OBJC_WEAK = YES;
				CLANG_WARN_BLOCK_CAPTURE_AUTORELEASING = YES;
				CLANG_WARN_BOOL_CONVERSION = YES;
				CLANG_WARN_COMMA = YES;
				CLANG_WARN_CONSTANT_CONVERSION = YES;
				CLANG_WARN_DEPRECATED_OBJC_IMPLEMENTATIONS = YES;
				CLANG_WARN_DIRECT_OBJC_ISA_USAGE = YES_ERROR;
				CLANG_WARN_DOCUMENTATION_COMMENTS = YES;
				CLANG_WARN_EMPTY_BODY = YES;
				CLANG_WARN_ENUM_CONVERSION = YES;
				CLANG_WARN_INFINITE_RECURSION = YES;
				CLANG_WARN_INT_CONVERSION = YES;
				CLANG_WARN_NON_LITERAL_NULL_CONVERSION = YES;
				CLANG_WARN_OBJC_IMPLICIT_RETAIN_SELF = YES;
				CLANG_WARN_OBJC_LITERAL_CONVERSION = YES;
				CLANG_WARN_OBJC_ROOT_CLASS = YES_ERROR;
				CLANG_WARN_RANGE_LOOP_ANALYSIS = YES;
				CLANG_WARN_STRICT_PROTOTYPES = YES;
				CLANG_WARN_SUSPICIOUS_MOVE = YES;
				CLANG_WARN_UNGUARDED_AVAILABILITY = YES_AGGRESSIVE;
				CLANG_WARN_UNREACHABLE_CODE = YES;
				CLANG_WARN__DUPLICATE_METHOD_MATCH = YES;
				CODE_SIGN_IDENTITY = "iPhone Developer";
				COPY_PHASE_STRIP = NO;
				DEBUG_INFORMATION_FORMAT = "dwarf-with-dsym";
				ENABLE_NS_ASSERTIONS = NO;
				ENABLE_STRICT_OBJC_MSGSEND = YES;
				GCC_C_LANGUAGE_STANDARD = gnu11;
				GCC_NO_COMMON_BLOCKS = YES;
				GCC_WARN_64_TO_32_BIT_CONVERSION = YES;
				GCC_WARN_ABOUT_RETURN_TYPE = YES_ERROR;
				GCC_WARN_UNDECLARED_SELECTOR = YES;
				GCC_WARN_UNINITIALIZED_AUTOS = YES_AGGRESSIVE;
				GCC_WARN_UNUSED_FUNCTION = YES;
				GCC_WARN_UNUSED_VARIABLE = YES;
				IPHONEOS_DEPLOYMENT_TARGET = 12.1;
				MTL_ENABLE_DEBUG_INFO = NO;
				MTL_FAST_MATH = YES;
				SDKROOT = iphoneos;
				VALIDATE_PRODUCT = YES;
			};
			name = Release;
		};
		FC0401F421A3F07800F75F1C /* Debug */ = {
			isa = XCBuildConfiguration;
			baseConfigurationReference = 49564C8D3773D8B500B2E078 /* Pods-ChatDemo.debug.xcconfig */;
			buildSettings = {
				ASSETCATALOG_COMPILER_APPICON_NAME = AppIcon;
				ASSETCATALOG_COMPILER_LAUNCHIMAGE_NAME = LaunchImage;
				CODE_SIGN_STYLE = Automatic;
				DEVELOPMENT_TEAM = 5J4EBEZJUP;
				GCC_PREFIX_HEADER = "$(SRCROOT)/ChatDemo/Tools/PrefixHeader.pch";
				INFOPLIST_FILE = ChatDemo/Info.plist;
				IPHONEOS_DEPLOYMENT_TARGET = 8.0;
				LD_RUNPATH_SEARCH_PATHS = (
					"$(inherited)",
					"@executable_path/Frameworks",
				);
				PRODUCT_BUNDLE_IDENTIFIER = dyh.ChatDemo;
				PRODUCT_NAME = "$(TARGET_NAME)";
				TARGETED_DEVICE_FAMILY = "1,2";
			};
			name = Debug;
		};
		FC0401F521A3F07800F75F1C /* Release */ = {
			isa = XCBuildConfiguration;
			baseConfigurationReference = 599DE015B4D221B9E2CA8F33 /* Pods-ChatDemo.release.xcconfig */;
			buildSettings = {
				ASSETCATALOG_COMPILER_APPICON_NAME = AppIcon;
				ASSETCATALOG_COMPILER_LAUNCHIMAGE_NAME = LaunchImage;
				CODE_SIGN_STYLE = Automatic;
				DEVELOPMENT_TEAM = 5J4EBEZJUP;
				GCC_PREFIX_HEADER = "$(SRCROOT)/ChatDemo/Tools/PrefixHeader.pch";
				INFOPLIST_FILE = ChatDemo/Info.plist;
				IPHONEOS_DEPLOYMENT_TARGET = 8.0;
				LD_RUNPATH_SEARCH_PATHS = (
					"$(inherited)",
					"@executable_path/Frameworks",
				);
				PRODUCT_BUNDLE_IDENTIFIER = dyh.ChatDemo;
				PRODUCT_NAME = "$(TARGET_NAME)";
				TARGETED_DEVICE_FAMILY = "1,2";
			};
			name = Release;
		};
		FC0401F721A3F07800F75F1C /* Debug */ = {
			isa = XCBuildConfiguration;
			baseConfigurationReference = 6768A1AC8CC83EFEAA6945B8 /* Pods-ChatDemoTests.debug.xcconfig */;
			buildSettings = {
				BUNDLE_LOADER = "$(TEST_HOST)";
				CODE_SIGN_STYLE = Automatic;
				DEVELOPMENT_TEAM = TK6W4XWH24;
				INFOPLIST_FILE = ChatDemoTests/Info.plist;
				LD_RUNPATH_SEARCH_PATHS = (
					"$(inherited)",
					"@executable_path/Frameworks",
					"@loader_path/Frameworks",
				);
				PRODUCT_BUNDLE_IDENTIFIER = dyh.ChatDemoTests;
				PRODUCT_NAME = "$(TARGET_NAME)";
				TARGETED_DEVICE_FAMILY = "1,2";
				TEST_HOST = "$(BUILT_PRODUCTS_DIR)/ChatDemo.app/ChatDemo";
			};
			name = Debug;
		};
		FC0401F821A3F07800F75F1C /* Release */ = {
			isa = XCBuildConfiguration;
			baseConfigurationReference = B6BDB8FD7B4D11BA9D42281D /* Pods-ChatDemoTests.release.xcconfig */;
			buildSettings = {
				BUNDLE_LOADER = "$(TEST_HOST)";
				CODE_SIGN_STYLE = Automatic;
				DEVELOPMENT_TEAM = TK6W4XWH24;
				INFOPLIST_FILE = ChatDemoTests/Info.plist;
				LD_RUNPATH_SEARCH_PATHS = (
					"$(inherited)",
					"@executable_path/Frameworks",
					"@loader_path/Frameworks",
				);
				PRODUCT_BUNDLE_IDENTIFIER = dyh.ChatDemoTests;
				PRODUCT_NAME = "$(TARGET_NAME)";
				TARGETED_DEVICE_FAMILY = "1,2";
				TEST_HOST = "$(BUILT_PRODUCTS_DIR)/ChatDemo.app/ChatDemo";
			};
			name = Release;
		};
		FC0401FA21A3F07800F75F1C /* Debug */ = {
			isa = XCBuildConfiguration;
			baseConfigurationReference = D4D2CEF838455A1EAFAE32BE /* Pods-ChatDemoUITests.debug.xcconfig */;
			buildSettings = {
				CODE_SIGN_STYLE = Automatic;
				DEVELOPMENT_TEAM = TK6W4XWH24;
				INFOPLIST_FILE = ChatDemoUITests/Info.plist;
				LD_RUNPATH_SEARCH_PATHS = (
					"$(inherited)",
					"@executable_path/Frameworks",
					"@loader_path/Frameworks",
				);
				PRODUCT_BUNDLE_IDENTIFIER = dyh.ChatDemoUITests;
				PRODUCT_NAME = "$(TARGET_NAME)";
				TARGETED_DEVICE_FAMILY = "1,2";
				TEST_TARGET_NAME = ChatDemo;
			};
			name = Debug;
		};
		FC0401FB21A3F07800F75F1C /* Release */ = {
			isa = XCBuildConfiguration;
			baseConfigurationReference = AC0ADE00C75E69BA598AC269 /* Pods-ChatDemoUITests.release.xcconfig */;
			buildSettings = {
				CODE_SIGN_STYLE = Automatic;
				DEVELOPMENT_TEAM = TK6W4XWH24;
				INFOPLIST_FILE = ChatDemoUITests/Info.plist;
				LD_RUNPATH_SEARCH_PATHS = (
					"$(inherited)",
					"@executable_path/Frameworks",
					"@loader_path/Frameworks",
				);
				PRODUCT_BUNDLE_IDENTIFIER = dyh.ChatDemoUITests;
				PRODUCT_NAME = "$(TARGET_NAME)";
				TARGETED_DEVICE_FAMILY = "1,2";
				TEST_TARGET_NAME = ChatDemo;
			};
			name = Release;
		};
/* End XCBuildConfiguration section */

/* Begin XCConfigurationList section */
		FC0401C221A3F07700F75F1C /* Build configuration list for PBXProject "ChatDemo" */ = {
			isa = XCConfigurationList;
			buildConfigurations = (
				FC0401F121A3F07800F75F1C /* Debug */,
				FC0401F221A3F07800F75F1C /* Release */,
			);
			defaultConfigurationIsVisible = 0;
			defaultConfigurationName = Release;
		};
		FC0401F321A3F07800F75F1C /* Build configuration list for PBXNativeTarget "ChatDemo" */ = {
			isa = XCConfigurationList;
			buildConfigurations = (
				FC0401F421A3F07800F75F1C /* Debug */,
				FC0401F521A3F07800F75F1C /* Release */,
			);
			defaultConfigurationIsVisible = 0;
			defaultConfigurationName = Release;
		};
		FC0401F621A3F07800F75F1C /* Build configuration list for PBXNativeTarget "ChatDemoTests" */ = {
			isa = XCConfigurationList;
			buildConfigurations = (
				FC0401F721A3F07800F75F1C /* Debug */,
				FC0401F821A3F07800F75F1C /* Release */,
			);
			defaultConfigurationIsVisible = 0;
			defaultConfigurationName = Release;
		};
		FC0401F921A3F07800F75F1C /* Build configuration list for PBXNativeTarget "ChatDemoUITests" */ = {
			isa = XCConfigurationList;
			buildConfigurations = (
				FC0401FA21A3F07800F75F1C /* Debug */,
				FC0401FB21A3F07800F75F1C /* Release */,
			);
			defaultConfigurationIsVisible = 0;
			defaultConfigurationName = Release;
		};
/* End XCConfigurationList section */
	};
	rootObject = FC0401BF21A3F07700F75F1C /* Project object */;
}
